{
  "name": "@apidiffguard/cli",
  "version": "0.2.0",
  "lockfileVersion": 3,
  "requires": true,
  "packages": {
    "": {
      "name": "@apidiffguard/cli",
      "version": "0.2.0",
      "license": "MIT",
      "dependencies": {
        "@apidiffguard/diff": "file:../diff-engine"
      },
      "bin": {
        "apidiff": "bin/apidiff.js"
      },
      "engines": {
        "node": ">=18"
      }
    },
    "../diff-engine": {
      "name": "@apidiffguard/diff",
      "version": "0.1.0",
      "license": "MIT",
      "devDependencies": {
        "typescript": "^5"
      }
    },
    "node_modules/@apidiffguard/diff": {
      "resolved": "../diff-engine",
      "link": true
    }
  }
}
